{
  "version": "2",
  "remote": {
    "https://deno.land/std@0.194.0/async/debounce.ts": "adab11d04ca38d699444ac8a9d9856b4155e8dda2afd07ce78276c01ea5a4332",
    "https://deno.land/std@0.197.0/encoding/base64.ts": "144ae6234c1fbe5b68666c711dc15b1e9ee2aef6d42b3b4345bf9a6c91d70d0d",
    "https://deno.land/std@0.198.0/assert/assert.ts": "9a97dad6d98c238938e7540736b826440ad8c1c1e54430ca4c4e623e585607ee",
    "https://deno.land/std@0.198.0/assert/assertion_error.ts": "4d0bde9b374dfbcbe8ac23f54f567b77024fb67dbb1906a852d67fe050d42f56",
    "https://deno.land/std@0.198.0/async/abortable.ts": "fd682fa46f3b7b16b4606a5ab52a7ce309434b76f820d3221bdfb862719a15d7",
    "https://deno.land/std@0.198.0/async/deadline.ts": "58f72a3cc0fcb731b2cc055ba046f4b5be3349ff6bf98f2e793c3b969354aab2",
    "https://deno.land/std@0.198.0/async/debounce.ts": "adab11d04ca38d699444ac8a9d9856b4155e8dda2afd07ce78276c01ea5a4332",
    "https://deno.land/std@0.198.0/async/deferred.ts": "42790112f36a75a57db4a96d33974a936deb7b04d25c6084a9fa8a49f135def8",
    "https://deno.land/std@0.198.0/async/delay.ts": "a6142eb44cdd856b645086af2b811b1fcce08ec06bb7d50969e6a872ee9b8659",
    "https://deno.land/std@0.198.0/async/mod.ts": "f04344fa21738e5ad6bea37a6bfffd57c617c2d372bb9f9dcfd118a1b622e576",
    "https://deno.land/std@0.198.0/async/mux_async_iterator.ts": "70c7f2ee4e9466161350473ad61cac0b9f115cff4c552eaa7ef9d50c4cbb4cc9",
    "https://deno.land/std@0.198.0/async/pool.ts": "f1b8d3df4d7fd3c73f8cbc91cc2e8b8e950910f1eab94230b443944d7584c657",
    "https://deno.land/std@0.198.0/async/retry.ts": "296fb9c323e1325a69bee14ba947e7da7409a8dd9dd646d70cb51ea0d301f24e",
    "https://deno.land/std@0.198.0/async/tee.ts": "47e42d35f622650b02234d43803d0383a89eb4387e1b83b5a40106d18ae36757",
    "https://deno.land/std@0.198.0/http/server.ts": "3cd5a8acc31d3259813ddcfa7dd2fe066952db6763fc7a58b9a026d4b5af9559",
    "https://deno.land/std@0.200.0/async/delay.ts": "a6142eb44cdd856b645086af2b811b1fcce08ec06bb7d50969e6a872ee9b8659",
    "https://deno.land/std@0.200.0/http/server.ts": "1b2403b3c544c0624ad23e8ca4e05877e65380d9e0d75d04957432d65c3d5f41",
    "https://deno.land/std@0.97.0/_util/assert.ts": "2f868145a042a11d5ad0a3c748dcf580add8a0dbc0e876eaa0026303a5488f58",
    "https://deno.land/std@0.97.0/_util/has_own_property.ts": "f5edd94ed3f3c20c517d812045deb97977e18501c9b7105b5f5c11a31893d7a2",
    "https://deno.land/std@0.97.0/_util/os.ts": "e282950a0eaa96760c0cf11e7463e66babd15ec9157d4c9ed49cc0925686f6a7",
    "https://deno.land/std@0.97.0/async/deferred.ts": "624bef4b755b71394620508a0c234a93cb8020cbd1b04bfcdad41c174392cef6",
    "https://deno.land/std@0.97.0/async/delay.ts": "9de1d8d07d1927767ab7f82434b883f3d8294fb19cad819691a2ad81a728cf3d",
    "https://deno.land/std@0.97.0/async/mod.ts": "253b41c658d768613eacfb11caa0a9ca7148442f932018a45576f7f27554c853",
    "https://deno.land/std@0.97.0/async/mux_async_iterator.ts": "c405c4c1194f7600189aa81dfe243e165c27f36eaea88a301fa2a74ce974548b",
    "https://deno.land/std@0.97.0/async/pool.ts": "353ce4f91865da203a097aa6f33de8966340c91b6f4a055611c8c5d534afd12f",
    "https://deno.land/std@0.97.0/bytes/bytes_list.ts": "a13287edb03f19d27ba4927dec6d6de3e5bd46254cd4aee6f7e5815810122673",
    "https://deno.land/std@0.97.0/bytes/mod.ts": "1ae1ccfe98c4b979f12b015982c7444f81fcb921bea7aa215bf37d84f46e1e13",
    "https://deno.land/std@0.97.0/flags/mod.ts": "0994240ad009980e46bc3bb1314e9469c7241617e4345b27afc82097fdbef841",
    "https://deno.land/std@0.97.0/fmt/colors.ts": "db22b314a2ae9430ae7460ce005e0a7130e23ae1c999157e3bb77cf55800f7e4",
    "https://deno.land/std@0.97.0/hash/sha1.ts": "1cca324b4b253885a47f121adafcfac55b4cc96113e22b338e1db26f37a730b8",
    "https://deno.land/std@0.97.0/http/_io.ts": "f4446e433d8d0009851c7de20d594746de228399c382cbee65da30eb87e70827",
    "https://deno.land/std@0.97.0/http/http_status.ts": "ebaa9bebfb8adc3d7b20c49e11037e4eefd79629ad80d81383933f4cdc91b3eb",
    "https://deno.land/std@0.97.0/http/server.ts": "39414681549353ebd0665e3df4145ee0a93a989cd0f55bed14fdb2c43d2faa3b",
    "https://deno.land/std@0.97.0/io/buffer.ts": "ed3528e299fd1e0dc056c4b5005a07b28c3dabad2595f077a562ff7b06fe89a5",
    "https://deno.land/std@0.97.0/io/bufio.ts": "61d11414e83d2b504eb8ea2fca3c2670470ee2fe2e5fe82bdd81eb55dc11ac4a",
    "https://deno.land/std@0.97.0/io/ioutil.ts": "3c6b7c8be3b8cd19746de028c40063193578612244a935dcc27be9f3ff343b0c",
    "https://deno.land/std@0.97.0/io/util.ts": "318be78b7954da25f0faffe123fef0d9423ea61af98467e860c06b60265eff6d",
    "https://deno.land/std@0.97.0/path/_constants.ts": "1247fee4a79b70c89f23499691ef169b41b6ccf01887a0abd131009c5581b853",
    "https://deno.land/std@0.97.0/path/_interface.ts": "1fa73b02aaa24867e481a48492b44f2598cd9dfa513c7b34001437007d3642e4",
    "https://deno.land/std@0.97.0/path/_util.ts": "2e06a3b9e79beaf62687196bd4b60a4c391d862cfa007a20fc3a39f778ba073b",
    "https://deno.land/std@0.97.0/path/common.ts": "eaf03d08b569e8a87e674e4e265e099f237472b6fd135b3cbeae5827035ea14a",
    "https://deno.land/std@0.97.0/path/glob.ts": "314ad9ff263b895795208cdd4d5e35a44618ca3c6dd155e226fb15d065008652",
    "https://deno.land/std@0.97.0/path/mod.ts": "4465dc494f271b02569edbb4a18d727063b5dbd6ed84283ff906260970a15d12",
    "https://deno.land/std@0.97.0/path/posix.ts": "f56c3c99feb47f30a40ce9d252ef6f00296fa7c0fcb6dd81211bdb3b8b99ca3b",
    "https://deno.land/std@0.97.0/path/separator.ts": "8fdcf289b1b76fd726a508f57d3370ca029ae6976fcde5044007f062e643ff1c",
    "https://deno.land/std@0.97.0/path/win32.ts": "77f7b3604e0de40f3a7c698e8a79e7f601dc187035a1c21cb1e596666ce112f8",
    "https://deno.land/std@0.97.0/testing/_diff.ts": "961eaf6d9f5b0a8556c9d835bbc6fa74f5addd7d3b02728ba7936ff93364f7a3",
    "https://deno.land/std@0.97.0/testing/asserts.ts": "341292d12eebc44be4c3c2ca101ba8b6b5859cef2fa69d50c217f9d0bfbcfd1f",
    "https://deno.land/std@0.97.0/textproto/mod.ts": "6e8430986393e3929720cec9c6668d75dee2ffd953886e842dc124c251cb86c8",
    "https://deno.land/std@0.97.0/ws/mod.ts": "561d12475c04ed91b109e5340ca7f2cfe0421613792586c3d8a4c825ad722f59",
    "https://deno.land/x/denoflate@1.2.1/mod.ts": "f5628e44b80b3d80ed525afa2ba0f12408e3849db817d47a883b801f9ce69dd6",
    "https://deno.land/x/denoflate@1.2.1/pkg/denoflate.js": "b9f9ad9457d3f12f28b1fb35c555f57443427f74decb403113d67364e4f2caf4",
    "https://deno.land/x/denoflate@1.2.1/pkg/denoflate_bg.wasm.js": "d581956245407a2115a3d7e8d85a9641c032940a8e810acbd59ca86afd34d44d",
    "https://deno.land/x/denoliver@2.3.1/404.ts": "d65b57e12c6e3b65cdae1f55a08aa8fbe01fa2eba757cd96a726a99637108a8c",
    "https://deno.land/x/denoliver@2.3.1/deps.ts": "5dd0751e26d69d855bd5348f28b5972c1d8b0af12b4c946ccf796affd53c5a3f",
    "https://deno.land/x/denoliver@2.3.1/directory.ts": "9378f0309aefebf69347cff6d3a7859274884f5d50bdee8cee702a096d6c7fdb",
    "https://deno.land/x/denoliver@2.3.1/mimes.ts": "6f3d8e5e09b150d03811aa9ba278e1a7bf7ff9cace8e70d3237d5db16abb7ad2",
    "https://deno.land/x/denoliver@2.3.1/mod.ts": "72e66f23626f6d8d16b2ce4aac3f1af69346febd3db98826d5a66a679d399903",
    "https://deno.land/x/denoliver@2.3.1/utils/boilerplate.ts": "376937b13b8fd95760b01794df2983548f77fc6911a2bfc1ba04ecb0006ae5cb",
    "https://deno.land/x/denoliver@2.3.1/utils/errors.ts": "be37f9af23f04b8f7471af0c80cdd73b4b457cde723fbd8fa2fe9c8d88b8f207",
    "https://deno.land/x/denoliver@2.3.1/utils/local-ip.ts": "20fdb2231da17841c39e9ce72d980eb032d364cc77b289ee3271ad5901e34659",
    "https://deno.land/x/denoliver@2.3.1/utils/utils.ts": "830e489677871536d2481de87405e4892601492de94c6d7d2a06658c1c7a4710",
    "https://deno.land/x/denopack@0.9.0/vendor/terser@5.3.0/terser.ts": "bb71c3695ff0f87c557e4a96556fa76f8b9efbaaa13d2e094c5e55a68e34008b",
    "https://deno.land/x/esbuild@v0.19.0/mod.js": "1a52931644048e3405500473db724fb68f6b638187ee4260e39369b15a3f0692",
    "https://deno.land/x/minifier@v1.1.1/mod.ts": "f911c7e17079a31709dd4041207a48b3c6df50961d8687029681776f98005b89",
    "https://deno.land/x/minifier@v1.1.1/wasm.js": "3226ccb35a4fcf31362cc50b5ea2e1276aaae01d116dc090f38ee8169e015ebc",
    "https://deno.land/x/refresh@1.0.0/mod.ts": "4cdfcbeec4c7322dd09e90171272b3c03b3826b0fb813a51758682f342461607",
    "https://unpkg.com/source-map@0.7.3/dist/source-map.js": "84a912cfa28183b00fc9e6e3e017d28cbad0697133e6964e94f15be8129c95f0",
    "https://unpkg.com/terser@5.3.0/dist/bundle.min.js": "2579d2b32077d0c3f4c7f83de76aeb9c48152d79d493d570cf8968f65595d243"
  }
}
